// !$*UTF8*$!
{
	archiveVersion = 1;
	classes = {
	};
	objectVersion = 50;
	objects = {

/* Begin PBXBuildFile section */
		04226B0226B44A5700303A16 /* AppDelegate.swift in Sources */ = {isa = PBXBuildFile; fileRef = 04226B0126B44A5700303A16 /* AppDelegate.swift */; };
		04226B0426B44A5700303A16 /* SceneDelegate.swift in Sources */ = {isa = PBXBuildFile; fileRef = 04226B0326B44A5700303A16 /* SceneDelegate.swift */; };
		04226B0626B44A5700303A16 /* ViewController.swift in Sources */ = {isa = PBXBuildFile; fileRef = 04226B0526B44A5700303A16 /* ViewController.swift */; };
		04226B0926B44A5700303A16 /* Main.storyboard in Resources */ = {isa = PBXBuildFile; fileRef = 04226B0726B44A5700303A16 /* Main.storyboard */; };
		04226B0B26B44A5B00303A16 /* Assets.xcassets in Resources */ = {isa = PBXBuildFile; fileRef = 04226B0A26B44A5B00303A16 /* Assets.xcassets */; };
		04226B0E26B44A5B00303A16 /* LaunchScreen.storyboard in Resources */ = {isa = PBXBuildFile; fileRef = 04226B0C26B44A5B00303A16 /* LaunchScreen.storyboard */; };
		04226B1E26B4524B00303A16 /* A.wav in Resources */ = {isa = PBXBuildFile; fileRef = 04226B1726B4524B00303A16 /* A.wav */; };
		04226B1F26B4524B00303A16 /* C.wav in Resources */ = {isa = PBXBuildFile; fileRef = 04226B1826B4524B00303A16 /* C.wav */; };
		04226B2026B4524B00303A16 /* B.wav in Resources */ = {isa = PBXBuildFile; fileRef = 04226B1926B4524B00303A16 /* B.wav */; };
		04226B2126B4524B00303A16 /* F.wav in Resources */ = {isa = PBXBuildFile; fileRef = 04226B1A26B4524B00303A16 /* F.wav */; };
		04226B2226B4524B00303A16 /* G.wav in Resources */ = {isa = PBXBuildFile; fileRef = 04226B1B26B4524B00303A16 /* G.wav */; };
		04226B2326B4524B00303A16 /* E.wav in Resources */ = {isa = PBXBuildFile; fileRef = 04226B1C26B4524B00303A16 /* E.wav */; };
		04226B2426B4524B00303A16 /* D.wav in Resources */ = {isa = PBXBuildFile; fileRef = 04226B1D26B4524B00303A16 /* D.wav */; };
/* End PBXBuildFile section */

/* Begin PBXFileReference section */
		04226AFE26B44A5700303A16 /* XyloPhone App.app */ = {isa = PBXFileReference; explicitFileType = wrapper.application; includeInIndex = 0; path = "XyloPhone App.app"; sourceTree = BUILT_PRODUCTS_DIR; };
		04226B0126B44A5700303A16 /* AppDelegate.swift */ = {isa = PBXFileReference; lastKnownFileType = sourcecode.swift; path = AppDelegate.swift; sourceTree = "<group>"; };
		04226B0326B44A5700303A16 /* SceneDelegate.swift */ = {isa = PBXFileReference; lastKnownFileType = sourcecode.swift; path = SceneDelegate.swift; sourceTree = "<group>"; };
		04226B0526B44A5700303A16 /* ViewController.swift */ = {isa = PBXFileReference; lastKnownFileType = sourcecode.swift; path = ViewController.swift; sourceTree = "<group>"; };
		04226B0826B44A5700303A16 /* Base */ = {isa = PBXFileReference; lastKnownFileType = file.storyboard; name = Base; path = Base.lproj/Main.storyboard; sourceTree = "<group>"; };
		04226B0A26B44A5B00303A16 /* Assets.xcassets */ = {isa = PBXFileReference; lastKnownFileType = folder.assetcatalog; path = Assets.xcassets; sourceTree = "<group>"; };
		04226B0D26B44A5B00303A16 /* Base */ = {isa = PBXFileReference; lastKnownFileType = file.storyboard; name = Base; path = Base.lproj/LaunchScreen.storyboard; sourceTree = "<group>"; };
		04226B0F26B44A5B00303A16 /* Info.plist */ = {isa = PBXFileReference; lastKnownFileType = text.plist.xml; path = Info.plist; sourceTree = "<group>"; };
		04226B1726B4524B00303A16 /* A.wav */ = {isa = PBXFileReference; lastKnownFileType = audio.wav; path = A.wav; sourceTree = "<group>"; };
		04226B1826B4524B00303A16 /* C.wav */ = {isa = PBXFileReference; lastKnownFileType = audio.wav; path = C.wav; sourceTree = "<group>"; };
		04226B1926B4524B00303A16 /* B.wav */ = {isa = PBXFileReference; lastKnownFileType = audio.wav; path = B.wav; sourceTree = "<group>"; };
		04226B1A26B4524B00303A16 /* F.wav */ = {isa = PBXFileReference; lastKnownFileType = audio.wav; path = F.wav; sourceTree = "<group>"; };
		04226B1B26B4524B00303A16 /* G.wav */ = {isa = PBXFileReference; lastKnownFileType = audio.wav; path = G.wav; sourceTree = "<group>"; };
		04226B1C26B4524B00303A16 /* E.wav */ = {isa = PBXFileReference; lastKnownFileType = audio.wav; path = E.wav; sourceTree = "<group>"; };
		04226B1D26B4524B00303A16 /* D.wav */ = {isa = PBXFileReference; lastKnownFileType = audio.wav; path = D.wav; sourceTree = "<group>"; };
/* End PBXFileReference section */

/* Begin PBXFrameworksBuildPhase section */
		04226AFB26B44A5700303A16 /* Frameworks */ = {
			isa = PBXFrameworksBuildPhase;
			buildActionMask = 2147483647;
			files = (
			);
			runOnlyForDeploymentPostprocessing = 0;
		};
/* End PBXFrameworksBuildPhase section */

/* Begin PBXGroup section */
		04226AF526B44A5700303A16 = {
			isa = PBXGroup;
			children = (
				04226B0026B44A5700303A16 /* XyloPhone App */,
				04226AFF26B44A5700303A16 /* Products */,
				04226B1626B4524B00303A16 /* xylophoneSound */,
			);
			sourceTree = "<group>";
		};
		04226AFF26B44A5700303A16 /* Products */ = {
			isa = PBXGroup;
			children = (
				04226AFE26B44A5700303A16 /* XyloPhone App.app */,
			);
			name = Products;
			sourceTree = "<group>";
		};
		04226B0026B44A5700303A16 /* XyloPhone App */ = {
			isa = PBXGroup;
			children = (
				04226B0126B44A5700303A16 /* AppDelegate.swift */,
				04226B0326B44A5700303A16 /* SceneDelegate.swift */,
				04226B0526B44A5700303A16 /* ViewController.swift */,
				04226B0726B44A5700303A16 /* Main.storyboard */,
				04226B0A26B44A5B00303A16 /* Assets.xcassets */,
				04226B0C26B44A5B00303A16 /* LaunchScreen.storyboard */,
				04226B0F26B44A5B00303A16 /* Info.plist */,
			);
			path = "XyloPhone App";
			sourceTree = "<group>";
		};
		04226B1626B4524B00303A16 /* xylophoneSound */ = {
			isa = PBXGroup;
			children = (
				04226B1726B4524B00303A16 /* A.wav */,
				04226B1826B4524B00303A16 /* C.wav */,
				04226B1926B4524B00303A16 /* B.wav */,
				04226B1A26B4524B00303A16 /* F.wav */,
				04226B1B26B4524B00303A16 /* G.wav */,
				04226B1C26B4524B00303A16 /* E.wav */,
				04226B1D26B4524B00303A16 /* D.wav */,
			);
			path = xylophoneSound;
			sourceTree = "<group>";
		};
/* End PBXGroup section */

/* Begin PBXNativeTarget section */
		04226AFD26B44A5700303A16 /* XyloPhone App */ = {
			isa = PBXNativeTarget;
			buildConfigurationList = 04226B1226B44A5B00303A16 /* Build configuration list for PBXNativeTarget "XyloPhone App" */;
			buildPhases = (
				04226AFA26B44A5700303A16 /* Sources */,
				04226AFB26B44A5700303A16 /* Frameworks */,
				04226AFC26B44A5700303A16 /* Resources */,
			);
			buildRules = (
			);
			dependencies = (
			);
			name = "XyloPhone App";
			productName = "XyloPhone App";
			productReference = 04226AFE26B44A5700303A16 /* XyloPhone App.app */;
			productType = "com.apple.product-type.application";
		};
/* End PBXNativeTarget section */

/* Begin PBXProject section */
		04226AF626B44A5700303A16 /* Project object */ = {
			isa = PBXProject;
			attributes = {
				LastSwiftUpdateCheck = 1200;
				LastUpgradeCheck = 1200;
				TargetAttributes = {
					04226AFD26B44A5700303A16 = {
						CreatedOnToolsVersion = 12.0.1;
					};
				};
			};
			buildConfigurationList = 04226AF926B44A5700303A16 /* Build configuration list for PBXProject "XyloPhone App" */;
			compatibilityVersion = "Xcode 9.3";
			developmentRegion = en;
			hasScannedForEncodings = 0;
			knownRegions = (
				en,
				Base,
			);
			mainGroup = 04226AF526B44A5700303A16;
			productRefGroup = 04226AFF26B44A5700303A16 /* Products */;
			projectDirPath = "";
			projectRoot = "";
			targets = (
				04226AFD26B44A5700303A16 /* XyloPhone App */,
			);
		};
/* End PBXProject section */

/* Begin PBXResourcesBuildPhase section */
		04226AFC26B44A5700303A16 /* Resources */ = {
			isa = PBXResourcesBuildPhase;
			buildActionMask = 2147483647;
			files = (
				04226B2226B4524B00303A16 /* G.wav in Resources */,
				04226B0E26B44A5B00303A16 /* LaunchScreen.storyboard in Resources */,
				04226B2126B4524B00303A16 /* F.wav in Resources */,
				04226B0B26B44A5B00303A16 /* Assets.xcassets in Resources */,
				04226B1E26B4524B00303A16 /* A.wav in Resources */,
				04226B2026B4524B00303A16 /* B.wav in Resources */,
				04226B2326B4524B00303A16 /* E.wav in Resources */,
				04226B2426B4524B00303A16 /* D.wav in Resources */,
				04226B0926B44A5700303A16 /* Main.storyboard in Resources */,
				04226B1F26B4524B00303A16 /* C.wav in Resources */,
			);
			runOnlyForDeploymentPostprocessing = 0;
		};
/* End PBXResourcesBuildPhase section */

/* Begin PBXSourcesBuildPhase section */
		04226AFA26B44A5700303A16 /* Sources */ = {
			isa = PBXSourcesBuildPhase;
			buildActionMask = 2147483647;
			files = (
				04226B0626B44A5700303A16 /* ViewController.swift in Sources */,
				04226B0226B44A5700303A16 /* AppDelegate.swift in Sources */,
				04226B0426B44A5700303A16 /* SceneDelegate.swift in Sources */,
			);
			runOnlyForDeploymentPostprocessing = 0;
		};
/* End PBXSourcesBuildPhase section */

/* Begin PBXVariantGroup section */
		04226B0726B44A5700303A16 /* Main.storyboard */ = {
			isa = PBXVariantGroup;
			children = (
				04226B0826B44A5700303A16 /* Base */,
			);
			name = Main.storyboard;
			sourceTree = "<group>";
		};
		04226B0C26B44A5B00303A16 /* LaunchScreen.storyboard */ = {
			isa = PBXVariantGroup;
			children = (
				04226B0D26B44A5B00303A16 /* Base */,
			);
			name = LaunchScreen.storyboard;
			sourceTree = "<group>";
		};
/* End PBXVariantGroup section */

/* Begin XCBuildConfiguration section */
		04226B1026B44A5B00303A16 /* Debug */ = {
			isa = XCBuildConfiguration;
			buildSettings = {
				ALWAYS_SEARCH_USER_PATHS = NO;
				CLANG_ANALYZER_NONNULL = YES;
				CLANG_ANALYZER_NUMBER_OBJECT_CONVERSION = YES_AGGRESSIVE;
				CLANG_CXX_LANGUAGE_STANDARD = "gnu++14";
				CLANG_CXX_LIBRARY = "libc++";
				CLANG_ENABLE_MODULES = YES;
				CLANG_ENABLE_OBJC_ARC = YES;
				CLANG_ENABLE_OBJC_WEAK = YES;
				CLANG_WARN_BLOCK_CAPTURE_AUTORELEASING = YES;
				CLANG_WARN_BOOL_CONVERSION = YES;
				CLANG_WARN_COMMA = YES;
				CLANG_WARN_CONSTANT_CONVERSION = YES;
				CLANG_WARN_DEPRECATED_OBJC_IMPLEMENTATIONS = YES;
				CLANG_WARN_DIRECT_OBJC_ISA_USAGE = YES_ERROR;
				CLANG_WARN_DOCUMENTATION_COMMENTS = YES;
				CLANG_WARN_EMPTY_BODY = YES;
				CLANG_WARN_ENUM_CONVERSION = YES;
				CLANG_WARN_INFINITE_RECURSION = YES;
				CLANG_WARN_INT_CONVERSION = YES;
				CLANG_WARN_NON_LITERAL_NULL_CONVERSION = YES;
				CLANG_WARN_OBJC_IMPLICIT_RETAIN_SELF = YES;
				CLANG_WARN_OBJC_LITERAL_CONVERSION = YES;
				CLANG_WARN_OBJC_ROOT_CLASS = YES_ERROR;
				CLANG_WARN_QUOTED_INCLUDE_IN_FRAMEWORK_HEADER = YES;
				CLANG_WARN_RANGE_LOOP_ANALYSIS = YES;
				CLANG_WARN_STRICT_PROTOTYPES = YES;
				CLANG_WARN_SUSPICIOUS_MOVE = YES;
				CLANG_WARN_UNGUARDED_AVAILABILITY = YES_AGGRESSIVE;
				CLANG_WARN_UNREACHABLE_CODE = YES;
				CLANG_WARN__DUPLICATE_METHOD_MATCH = YES;
				COPY_PHASE_STRIP = NO;
				DEBUG_INFORMATION_FORMAT = dwarf;
				ENABLE_STRICT_OBJC_MSGSEND = YES;
				ENABLE_TESTABILITY = YES;
				GCC_C_LANGUAGE_STANDARD = gnu11;
				GCC_DYNAMIC_NO_PIC = NO;
				GCC_NO_COMMON_BLOCKS = YES;
				GCC_OPTIMIZATION_LEVEL = 0;
				GCC_PREPROCESSOR_DEFINITIONS = (
					"DEBUG=1",
					"$(inherited)",
				);
				GCC_WARN_64_TO_32_BIT_CONVERSION = YES;
				GCC_WARN_ABOUT_RETURN_TYPE = YES_ERROR;
				GCC_WARN_UNDECLARED_SELECTOR = YES;
				GCC_WARN_UNINITIALIZED_AUTOS = YES_AGGRESSIVE;
				GCC_WARN_UNUSED_FUNCTION = YES;
				GCC_WARN_UNUSED_VARIABLE = YES;
				IPHONEOS_DEPLOYMENT_TARGET = 14.0;
				MTL_ENABLE_DEBUG_INFO = INCLUDE_SOURCE;
				MTL_FAST_MATH = YES;
				ONLY_ACTIVE_ARCH = YES;
				SDKROOT = iphoneos;
				SWIFT_ACTIVE_COMPILATION_CONDITIONS = DEBUG;
				SWIFT_OPTIMIZATION_LEVEL = "-Onone";
			};
			name = Debug;
		};
		04226B1126B44A5B00303A16 /* Release */ = {
			isa = XCBuildConfiguration;
			buildSettings = {
				ALWAYS_SEARCH_USER_PATHS = NO;
				CLANG_ANALYZER_NONNULL = YES;
				CLANG_ANALYZER_NUMBER_OBJECT_CONVERSION = YES_AGGRESSIVE;
				CLANG_CXX_LANGUAGE_STANDARD = "gnu++14";
				CLANG_CXX_LIBRARY = "libc++";
				CLANG_ENABLE_MODULES = YES;
				CLANG_ENABLE_OBJC_ARC = YES;
				CLANG_ENABLE_OBJC_WEAK = YES;
				CLANG_WARN_BLOCK_CAPTURE_AUTORELEASING = YES;
				CLANG_WARN_BOOL_CONVERSION = YES;
				CLANG_WARN_COMMA = YES;
				CLANG_WARN_CONSTANT_CONVERSION = YES;
				CLANG_WARN_DEPRECATED_OBJC_IMPLEMENTATIONS = YES;
				CLANG_WARN_DIRECT_OBJC_ISA_USAGE = YES_ERROR;
				CLANG_WARN_DOCUMENTATION_COMMENTS = YES;
				CLANG_WARN_EMPTY_BODY = YES;
				CLANG_WARN_ENUM_CONVERSION = YES;
				CLANG_WARN_INFINITE_RECURSION = YES;
				CLANG_WARN_INT_CONVERSION = YES;
				CLANG_WARN_NON_LITERAL_NULL_CONVERSION = YES;
				CLANG_WARN_OBJC_IMPLICIT_RETAIN_SELF = YES;
				CLANG_WARN_OBJC_LITERAL_CONVERSION = YES;
				CLANG_WARN_OBJC_ROOT_CLASS = YES_ERROR;
				CLANG_WARN_QUOTED_INCLUDE_IN_FRAMEWORK_HEADER = YES;
				CLANG_WARN_RANGE_LOOP_ANALYSIS = YES;
				CLANG_WARN_STRICT_PROTOTYPES = YES;
				CLANG_WARN_SUSPICIOUS_MOVE = YES;
				CLANG_WARN_UNGUARDED_AVAILABILITY = YES_AGGRESSIVE;
				CLANG_WARN_UNREACHABLE_CODE = YES;
				CLANG_WARN__DUPLICATE_METHOD_MATCH = YES;
				COPY_PHASE_STRIP = NO;
				DEBUG_INFORMATION_FORMAT = "dwarf-with-dsym";
				ENABLE_NS_ASSERTIONS = NO;
				ENABLE_STRICT_OBJC_MSGSEND = YES;
				GCC_C_LANGUAGE_STANDARD = gnu11;
				GCC_NO_COMMON_BLOCKS = YES;
				GCC_WARN_64_TO_32_BIT_CONVERSION = YES;
				GCC_WARN_ABOUT_RETURN_TYPE = YES_ERROR;
				GCC_WARN_UNDECLARED_SELECTOR = YES;
				GCC_WARN_UNINITIALIZED_AUTOS = YES_AGGRESSIVE;
				GCC_WARN_UNUSED_FUNCTION = YES;
				GCC_WARN_UNUSED_VARIABLE = YES;
				IPHONEOS_DEPLOYMENT_TARGET = 14.0;
				MTL_ENABLE_DEBUG_INFO = NO;
				MTL_FAST_MATH = YES;
				SDKROOT = iphoneos;
				SWIFT_COMPILATION_MODE = wholemodule;
				SWIFT_OPTIMIZATION_LEVEL = "-O";
				VALIDATE_PRODUCT = YES;
			};
			name = Release;
		};
		04226B1326B44A5B00303A16 /* Debug */ = {
			isa = XCBuildConfiguration;
			buildSettings = {
				ASSETCATALOG_COMPILER_APPICON_NAME = AppIcon;
				ASSETCATALOG_COMPILER_GLOBAL_ACCENT_COLOR_NAME = AccentColor;
				CODE_SIGN_STYLE = Automatic;
				DEVELOPMENT_TEAM = CTJP7DL5WD;
				INFOPLIST_FILE = "XyloPhone App/Info.plist";
				LD_RUNPATH_SEARCH_PATHS = (
					"$(inherited)",
					"@executable_path/Frameworks",
				);
				PRODUCT_BUNDLE_IDENTIFIER = "com.poojas.XyloPhone-App";
				PRODUCT_NAME = "$(TARGET_NAME)";
				SWIFT_VERSION = 5.0;
				TARGETED_DEVICE_FAMILY = "1,2";
			};
			name = Debug;
		};
		04226B1426B44A5B00303A16 /* Release */ = {
			isa = XCBuildConfiguration;
			buildSettings = {
				ASSETCATALOG_COMPILER_APPICON_NAME = AppIcon;
				ASSETCATALOG_COMPILER_GLOBAL_ACCENT_COLOR_NAME = AccentColor;
				CODE_SIGN_STYLE = Automatic;
				DEVELOPMENT_TEAM = CTJP7DL5WD;
				INFOPLIST_FILE = "XyloPhone App/Info.plist";
				LD_RUNPATH_SEARCH_PATHS = (
					"$(inherited)",
					"@executable_path/Frameworks",
				);
				PRODUCT_BUNDLE_IDENTIFIER = "com.poojas.XyloPhone-App";
				PRODUCT_NAME = "$(TARGET_NAME)";
				SWIFT_VERSION = 5.0;
				TARGETED_DEVICE_FAMILY = "1,2";
			};
			name = Release;
		};
/* End XCBuildConfiguration section */

/* Begin XCConfigurationList section */
		04226AF926B44A5700303A16 /* Build configuration list for PBXProject "XyloPhone App" */ = {
			isa = XCConfigurationList;
			buildConfigurations = (
				04226B1026B44A5B00303A16 /* Debug */,
				04226B1126B44A5B00303A16 /* Release */,
			);
			defaultConfigurationIsVisible = 0;
			defaultConfigurationName = Release;
		};
		04226B1226B44A5B00303A16 /* Build configuration list for PBXNativeTarget "XyloPhone App" */ = {
			isa = XCConfigurationList;
			buildConfigurations = (
				04226B1326B44A5B00303A16 /* Debug */,
				04226B1426B44A5B00303A16 /* Release */,
			);
			defaultConfigurationIsVisible = 0;
			defaultConfigurationName = Release;
		};
/* End XCConfigurationList section */
	};
	rootObject = 04226AF626B44A5700303A16 /* Project object */;
}
